
Microsoft Visual Studio Solution File, Format Version 12.00
# Visual Studio Version 16
VisualStudioVersion = 16.0.30907.101
MinimumVisualStudioVersion = 10.0.40219.1
Project("{8BC9CEB8-8B4A-11D0-8D11-00A0C91BC942}") = "simpleDemo", "Examples\simpleDemo\simpleDemo.vcxproj", "{C5F80730-F44F-4478-BDAE-6634EFC2CA88}"
EndProject
Project("{8BC9CEB8-8B4A-11D0-8D11-00A0C91BC942}") = "thermostatDemo_LM35", "Examples\thermostatDemo_LM35\thermostatDemo_LM35.vcxproj", "{CBAFCA02-8622-4878-B03D-4945B7C360CF}"
EndProject
Project("{8BC9CEB8-8B4A-11D0-8D11-00A0C91BC942}") = "thermostatDemo_DS18B20", "Examples\thermostatDemo_DS18B20\thermostatDemo.vcxproj", "{D20459F3-AA66-43CB-A301-32B95BFB3ECA}"
EndProject
Project("{8BC9CEB8-8B4A-11D0-8D11-00A0C91BC942}") = "schmittTrigger", "schmittTrigger\schmittTrigger.vcxitems", "{344B55B4-E3FA-4E6A-94B5-0D35CA638ED1}"
EndProject
Global
	GlobalSection(SharedMSBuildProjectFiles) = preSolution
		schmittTrigger\schmittTrigger.vcxitems*{344b55b4-e3fa-4e6a-94b5-0d35ca638ed1}*SharedItemsImports = 9
		schmittTrigger\schmittTrigger.vcxitems*{c5f80730-f44f-4478-bdae-6634efc2ca88}*SharedItemsImports = 4
		schmittTrigger\schmittTrigger.vcxitems*{cbafca02-8622-4878-b03d-4945b7c360cf}*SharedItemsImports = 4
		schmittTrigger\schmittTrigger.vcxitems*{d20459f3-aa66-43cb-a301-32b95bfb3eca}*SharedItemsImports = 4
	EndGlobalSection
	GlobalSection(SolutionConfigurationPlatforms) = preSolution
		Debug|x86 = Debug|x86
		Release|x86 = Release|x86
	EndGlobalSection
	GlobalSection(ProjectConfigurationPlatforms) = postSolution
		{C5F80730-F44F-4478-BDAE-6634EFC2CA88}.Debug|x86.ActiveCfg = Debug|Win32
		{C5F80730-F44F-4478-BDAE-6634EFC2CA88}.Debug|x86.Build.0 = Debug|Win32
		{C5F80730-F44F-4478-BDAE-6634EFC2CA88}.Release|x86.ActiveCfg = Release|Win32
		{C5F80730-F44F-4478-BDAE-6634EFC2CA88}.Release|x86.Build.0 = Release|Win32
		{CBAFCA02-8622-4878-B03D-4945B7C360CF}.Debug|x86.ActiveCfg = Debug|Win32
		{CBAFCA02-8622-4878-B03D-4945B7C360CF}.Debug|x86.Build.0 = Debug|Win32
		{CBAFCA02-8622-4878-B03D-4945B7C360CF}.Release|x86.ActiveCfg = Release|Win32
		{CBAFCA02-8622-4878-B03D-4945B7C360CF}.Release|x86.Build.0 = Release|Win32
		{D20459F3-AA66-43CB-A301-32B95BFB3ECA}.Debug|x86.ActiveCfg = Debug|Win32
		{D20459F3-AA66-43CB-A301-32B95BFB3ECA}.Debug|x86.Build.0 = Debug|Win32
		{D20459F3-AA66-43CB-A301-32B95BFB3ECA}.Release|x86.ActiveCfg = Release|Win32
		{D20459F3-AA66-43CB-A301-32B95BFB3ECA}.Release|x86.Build.0 = Release|Win32
	EndGlobalSection
	GlobalSection(SolutionProperties) = preSolution
		HideSolutionNode = FALSE
	EndGlobalSection
	GlobalSection(ExtensibilityGlobals) = postSolution
		SolutionGuid = {0C4D2B7C-C032-4E2A-9932-2E0038E461D7}
	EndGlobalSection
EndGlobal
